{
  "name": "@zappjs/prettier",
  "version": "0.1.1",
  "lockfileVersion": 1,
  "requires": true,
  "dependencies": {
    "@zappjs/core": {
      "version": "2.0.0-alpha",
      "resolved": "https://registry.npmjs.org/@zappjs/core/-/core-2.0.0-alpha.tgz",
      "integrity": "sha512-eJaeXV7aihBp3ZhUzKBJ6gZgux/+qqVkEKJyZ39OrXR1x1Sjq28OMz2Sn55IEGKk5/NHXrEWqg2XSMbc58ViQA=="
    },
    "@zappjs/json": {
      "version": "0.1.0",
      "resolved": "https://registry.npmjs.org/@zappjs/json/-/json-0.1.0.tgz",
      "integrity": "sha512-R2JdddmecFt6Bt3+2mhMGb6Nlj1q/dcnTS/saHc0buTwPpAxX4UcD+0HaRcHIXuK18GNZyR5HqIRYJqJBU7zAA=="
    },
    "typescript": {
      "version": "3.5.1",
      "resolved": "https://registry.npmjs.org/typescript/-/typescript-3.5.1.tgz",
      "integrity": "sha512-64HkdiRv1yYZsSe4xC1WVgamNigVYjlssIoaH2HcZF0+ijsk5YK2g0G34w9wJkze8+5ow4STd22AynfO6ZYYLw==",
      "dev": true
    }
  }
}
