{
  "name": "@zappjs/prettier",
  "version": "0.1.4",
  "lockfileVersion": 1,
  "requires": true,
  "dependencies": {
    "@types/prettier": {
      "version": "1.16.4",
      "resolved": "https://registry.npmjs.org/@types/prettier/-/prettier-1.16.4.tgz",
      "integrity": "sha512-MG7ExKBo7AQ5UrL1awyYLNinNM/kyXgE4iP4Ul9fB+T7n768Z5Xem8IZeP6Bna0xze8gkDly49Rgge2HOEw4xA==",
      "dev": true
    },
    "@zappjs/core": {
      "version": "2.0.0-alpha.2",
      "resolved": "https://registry.npmjs.org/@zappjs/core/-/core-2.0.0-alpha.2.tgz",
      "integrity": "sha512-PA7vayj33fA6uplLXu+jZoen2bX7AJc3RQ4rrpafJwZIar0vEmO1wal1zkj8Ymp8SY7J15IcyqdPtcahSsW2rA=="
    },
    "@zappjs/json": {
      "version": "0.1.2",
      "resolved": "https://registry.npmjs.org/@zappjs/json/-/json-0.1.2.tgz",
      "integrity": "sha512-9Nb8Ft9u864C9+2CKkQiu+NdYJE2XSVqwSTqGDocgVS0IWmH7XNzpuBpgr1R+UTVk6K3d0+E1+QQcTDsR61JqA=="
    },
    "prettier": {
      "version": "1.18.2",
      "resolved": "https://registry.npmjs.org/prettier/-/prettier-1.18.2.tgz",
      "integrity": "sha512-OeHeMc0JhFE9idD4ZdtNibzY0+TPHSpSSb9h8FqtP+YnoZZ1sl8Vc9b1sasjfymH3SonAF4QcA2+mzHPhMvIiw=="
    },
    "typescript": {
      "version": "3.5.2",
      "resolved": "https://registry.npmjs.org/typescript/-/typescript-3.5.2.tgz",
      "integrity": "sha512-7KxJovlYhTX5RaRbUdkAXN1KUZ8PwWlTzQdHV6xNqvuFOs7+WBo10TQUqT19Q/Jz2hk5v9TQDIhyLhhJY4p5AA==",
      "dev": true
    }
  }
}
